
Microsoft Visual Studio Solution File, Format Version 12.00
# Visual Studio Version 17
VisualStudioVersion = 17.14.37111.16 d17.14
MinimumVisualStudioVersion = 10.0.40219.1
Project("{FAE04EC0-301F-11D3-BF4B-00C04F79EFBC}") = "dotnetcorewebapp", "dotnetcorewebapp\dotnetcorewebapp.csproj", "{95D78B65-0518-4B64-A440-E547EE7B9F00}"
EndProject
Project("{FAE04EC0-301F-11D3-BF4B-00C04F79EFBC}") = "TestProject", "TestProject\TestProject.csproj", "{00863BC7-64D3-4724-8F2F-14EF19662870}"
EndProject
Global
	GlobalSection(SolutionConfigurationPlatforms) = preSolution
		Debug|Any CPU = Debug|Any CPU
		Release|Any CPU = Release|Any CPU
	EndGlobalSection
	GlobalSection(ProjectConfigurationPlatforms) = postSolution
		{95D78B65-0518-4B64-A440-E547EE7B9F00}.Debug|Any CPU.ActiveCfg = Debug|Any CPU
		{95D78B65-0518-4B64-A440-E547EE7B9F00}.Debug|Any CPU.Build.0 = Debug|Any CPU
		{95D78B65-0518-4B64-A440-E547EE7B9F00}.Release|Any CPU.ActiveCfg = Release|Any CPU
		{95D78B65-0518-4B64-A440-E547EE7B9F00}.Release|Any CPU.Build.0 = Release|Any CPU
		{00863BC7-64D3-4724-8F2F-14EF19662870}.Debug|Any CPU.ActiveCfg = Debug|Any CPU
		{00863BC7-64D3-4724-8F2F-14EF19662870}.Debug|Any CPU.Build.0 = Debug|Any CPU
		{00863BC7-64D3-4724-8F2F-14EF19662870}.Release|Any CPU.ActiveCfg = Release|Any CPU
		{00863BC7-64D3-4724-8F2F-14EF19662870}.Release|Any CPU.Build.0 = Release|Any CPU
	EndGlobalSection
	GlobalSection(SolutionProperties) = preSolution
		HideSolutionNode = FALSE
	EndGlobalSection
	GlobalSection(ExtensibilityGlobals) = postSolution
		SolutionGuid = {C3B0752F-43D4-48EC-8ED0-695DA6164E0D}
	EndGlobalSection
EndGlobal
